github.com/keep94/context v0.1.0 h1:FecPv0geuWcdf+8nRmF5RnF6Sk2ahy26jFt7uRivmUw=
github.com/keep94/context v0.1.0/go.mod h1:IXF7ZIYvKxmGCPiN5tJYbhv5AWaxIDclpOQHuzJsxLI=
github.com/keep94/toolbox v0.8.0 h1:BtS9LDVS7ORF+3fh2VkcC9SPCkvrTvzwLEZwn1CyzxA=
github.com/keep94/toolbox v0.8.0/go.mod h1:24PicnIycd6JZJwdE3+7MewUw3GNYAsDM1FaHDwiBvY=
github.com/keep94/weblogs v1.0.1 h1:sEN2JFqTPkc6BkCxwCKNXQuzh2h8eHLDLiCH2/KMWmM=
github.com/keep94/weblogs v1.0.1/go.mod h1:bYHO1S7UhVcPkoDjKAJTuCdSXoVdcv1n1I09kYlBKwE=
