github.com/gorilla/context v1.1.1 h1:AWwleXJkX/nhcU9bZSnZoi3h/qGYqQAGhq6zZe/aQW8=
github.com/gorilla/context v1.1.1/go.mod h1:kBGZzfjB9CEq2AlWe17Uuf7NDRt0dE0s8S51q0aT7Yg=
github.com/keep94/toolbox v0.7.1 h1:T1siP7NGtugbMRyhF4po5uSviJ2LtQ5XuJqaNGnROJ8=
github.com/keep94/toolbox v0.7.1/go.mod h1:Qn21KOssa6DYY7Ft7tckblK4jkOl4R08ELb0PDkdJT0=
github.com/keep94/weblogs v1.0.0 h1:YTmyjV2rF4Bhl6rMGkoe4mIdHPNKjAkMMZ670bhkK+Q=
github.com/keep94/weblogs v1.0.0/go.mod h1:OoIYchSf6QRvBwDLK8+PNbR8EAXwwITG7wIxKH3+AOM=
